
Microsoft Visual Studio Solution File, Format Version 12.00
# Visual Studio Version 16
VisualStudioVersion = 16.0.29009.5
MinimumVisualStudioVersion = 10.0.40219.1
Project("{9A19103F-16F7-4668-BE54-9A1E7A4F7556}") = "AspNetCoreExtensions", "AspNetCoreExtensions\AspNetCoreExtensions.csproj", "{7B1A472B-10AA-4E6D-9375-5DEE215A23DA}"
EndProject
Project("{2150E333-8FDC-42A3-9474-1A3956D46DE8}") = "Solution Items", "Solution Items", "{864DBCF0-575F-42E6-B372-5C4A7AA0B91E}"
	ProjectSection(SolutionItems) = preProject
		.gitignore = .gitignore
		NuGet.Config = NuGet.Config
		README.md = README.md
	EndProjectSection
EndProject
Project("{9A19103F-16F7-4668-BE54-9A1E7A4F7556}") = "StringExtensions", "StringExtensions\StringExtensions.csproj", "{6C5D5BF4-238C-440F-AB16-C743DC5B7D43}"
EndProject
Project("{2150E333-8FDC-42A3-9474-1A3956D46DE8}") = "RetroFit", "RetroFit", "{FA92D44B-A1DA-45E2-8B03-05DFF96FD164}"
	ProjectSection(SolutionItems) = preProject
		RetroFit\README.md = RetroFit\README.md
	EndProjectSection
EndProject
Project("{2150E333-8FDC-42A3-9474-1A3956D46DE8}") = "Core", "Core", "{FA937D44-8531-46C8-B79C-28E1E2ACE98D}"
EndProject
Project("{9A19103F-16F7-4668-BE54-9A1E7A4F7556}") = "RetroCoreFit", "RetroFit\RetroCoreFit\RetroCoreFit.csproj", "{0DA3105B-5F7A-4A73-843C-D022B2F755AC}"
EndProject
Project("{9A19103F-16F7-4668-BE54-9A1E7A4F7556}") = "RetroCoreFit.Tests", "RetroFit\RetroCoreFit.Tests\RetroCoreFit.Tests.csproj", "{9C86665B-9AC1-4C98-9CAA-396F536D3CA4}"
EndProject
Project("{2150E333-8FDC-42A3-9474-1A3956D46DE8}") = "NodePackageService", "NodePackageService", "{6171F658-37E5-4889-9CBD-1C51945918CC}"
EndProject
Project("{9A19103F-16F7-4668-BE54-9A1E7A4F7556}") = "NodeServerTest", "NodePackageService\NodeServerTest\NodeServerTest.csproj", "{ECE47369-C11A-4545-96D7-EC60AC563F17}"
EndProject
Project("{2150E333-8FDC-42A3-9474-1A3956D46DE8}") = "EF.Core.Mock", "EF.Core.Mock", "{A0A1AD88-B434-4C96-9F81-70AC22CAB580}"
	ProjectSection(SolutionItems) = preProject
		EFCore.Mock\README.md = EFCore.Mock\README.md
	EndProjectSection
EndProject
Project("{9A19103F-16F7-4668-BE54-9A1E7A4F7556}") = "NeuroSpeech.NodePackageInstaller", "NodePackageService\NeuroSpeech.NodePackageInstaller\NeuroSpeech.NodePackageInstaller.csproj", "{7C5381F3-A94F-495A-B09F-2249452F492D}"
EndProject
Project("{9A19103F-16F7-4668-BE54-9A1E7A4F7556}") = "NeuroSpeech.AspNet.NodeServices", "NodePackageService\NeuroSpeech.AspNet.NodeServices\NeuroSpeech.AspNet.NodeServices.csproj", "{359A420C-7F87-4408-A3AA-A641023A4054}"
EndProject
Project("{2150E333-8FDC-42A3-9474-1A3956D46DE8}") = "WKHtmlToXSharp", "WKHtmlToXSharp", "{37391082-96EC-4E64-B631-90479DD9088C}"
EndProject
Project("{9A19103F-16F7-4668-BE54-9A1E7A4F7556}") = "NeuroSpeech.WKHtmlToXSharp", "WKHtmlToXSharp\NeuroSpeech.WKHtmlToXSharp\NeuroSpeech.WKHtmlToXSharp.csproj", "{FDD7E685-A1FB-411A-A2E5-73C654D9F221}"
EndProject
Project("{9A19103F-16F7-4668-BE54-9A1E7A4F7556}") = "WKHtmlToXSharpTests", "WKHtmlToXSharp\WKHtmlToXSharpTests\WKHtmlToXSharpTests.csproj", "{F6A9804B-FA06-47FC-8A99-25D0A2D97047}"
EndProject
Project("{9A19103F-16F7-4668-BE54-9A1E7A4F7556}") = "NeuroSpeech.ESDetector", "NeuroSpeech.ESDetector\NeuroSpeech.ESDetector.csproj", "{49AE11B8-F6A9-4E33-ABD0-7A3BFC346634}"
EndProject
Project("{9A19103F-16F7-4668-BE54-9A1E7A4F7556}") = "NeuroSpeech.AppCache", "NeuroSpeech.AppCache\NeuroSpeech.AppCache.csproj", "{13F34F18-439A-4D85-B391-52D2BBF32D08}"
EndProject
Project("{9A19103F-16F7-4668-BE54-9A1E7A4F7556}") = "NeuroSpeech.DependencyInjectionExtensions", "NeuroSpeech.DependencyInjectionExtensions\NeuroSpeech.DependencyInjectionExtensions.csproj", "{6A2A12A5-3EC8-479A-B307-8013F6F00DD6}"
EndProject
Project("{9A19103F-16F7-4668-BE54-9A1E7A4F7556}") = "NeuroSpeech.IOExtensions", "NeuroSpeech.IOExtensions\NeuroSpeech.IOExtensions.csproj", "{2A5AF3E1-F188-46C4-9B3F-0B092DE7BBEF}"
EndProject
Project("{2150E333-8FDC-42A3-9474-1A3956D46DE8}") = "Workflows", "Workflows", "{1BECAAB5-DE53-4F61-9655-EB746F209E14}"
	ProjectSection(SolutionItems) = preProject
		NeuroSpeech.Workflows\README.md = NeuroSpeech.Workflows\README.md
	EndProjectSection
EndProject
Project("{9A19103F-16F7-4668-BE54-9A1E7A4F7556}") = "NeuroSpeech.Workflows", "NeuroSpeech.Workflows\NeuroSpeech.Workflows.csproj", "{9BEFAC8E-3F9F-4006-B6E9-7E8A41C797D1}"
EndProject
Project("{9A19103F-16F7-4668-BE54-9A1E7A4F7556}") = "NeuroSpeech.EFCore.Mock", "EFCore.Mock\NeuroSpeech.EFCore.Mock\NeuroSpeech.EFCore.Mock.csproj", "{A09ACF1F-F96A-49B0-90F2-868E1DE5748E}"
EndProject
Global
	GlobalSection(SolutionConfigurationPlatforms) = preSolution
		Debug|Any CPU = Debug|Any CPU
		Release|Any CPU = Release|Any CPU
	EndGlobalSection
	GlobalSection(ProjectConfigurationPlatforms) = postSolution
		{7B1A472B-10AA-4E6D-9375-5DEE215A23DA}.Debug|Any CPU.ActiveCfg = Debug|Any CPU
		{7B1A472B-10AA-4E6D-9375-5DEE215A23DA}.Debug|Any CPU.Build.0 = Debug|Any CPU
		{7B1A472B-10AA-4E6D-9375-5DEE215A23DA}.Release|Any CPU.ActiveCfg = Release|Any CPU
		{7B1A472B-10AA-4E6D-9375-5DEE215A23DA}.Release|Any CPU.Build.0 = Release|Any CPU
		{6C5D5BF4-238C-440F-AB16-C743DC5B7D43}.Debug|Any CPU.ActiveCfg = Debug|Any CPU
		{6C5D5BF4-238C-440F-AB16-C743DC5B7D43}.Debug|Any CPU.Build.0 = Debug|Any CPU
		{6C5D5BF4-238C-440F-AB16-C743DC5B7D43}.Release|Any CPU.ActiveCfg = Release|Any CPU
		{6C5D5BF4-238C-440F-AB16-C743DC5B7D43}.Release|Any CPU.Build.0 = Release|Any CPU
		{0DA3105B-5F7A-4A73-843C-D022B2F755AC}.Debug|Any CPU.ActiveCfg = Debug|Any CPU
		{0DA3105B-5F7A-4A73-843C-D022B2F755AC}.Debug|Any CPU.Build.0 = Debug|Any CPU
		{0DA3105B-5F7A-4A73-843C-D022B2F755AC}.Release|Any CPU.ActiveCfg = Release|Any CPU
		{0DA3105B-5F7A-4A73-843C-D022B2F755AC}.Release|Any CPU.Build.0 = Release|Any CPU
		{9C86665B-9AC1-4C98-9CAA-396F536D3CA4}.Debug|Any CPU.ActiveCfg = Debug|Any CPU
		{9C86665B-9AC1-4C98-9CAA-396F536D3CA4}.Debug|Any CPU.Build.0 = Debug|Any CPU
		{9C86665B-9AC1-4C98-9CAA-396F536D3CA4}.Release|Any CPU.ActiveCfg = Release|Any CPU
		{9C86665B-9AC1-4C98-9CAA-396F536D3CA4}.Release|Any CPU.Build.0 = Release|Any CPU
		{ECE47369-C11A-4545-96D7-EC60AC563F17}.Debug|Any CPU.ActiveCfg = Debug|Any CPU
		{ECE47369-C11A-4545-96D7-EC60AC563F17}.Debug|Any CPU.Build.0 = Debug|Any CPU
		{ECE47369-C11A-4545-96D7-EC60AC563F17}.Release|Any CPU.ActiveCfg = Release|Any CPU
		{ECE47369-C11A-4545-96D7-EC60AC563F17}.Release|Any CPU.Build.0 = Release|Any CPU
		{7C5381F3-A94F-495A-B09F-2249452F492D}.Debug|Any CPU.ActiveCfg = Debug|Any CPU
		{7C5381F3-A94F-495A-B09F-2249452F492D}.Debug|Any CPU.Build.0 = Debug|Any CPU
		{7C5381F3-A94F-495A-B09F-2249452F492D}.Release|Any CPU.ActiveCfg = Release|Any CPU
		{7C5381F3-A94F-495A-B09F-2249452F492D}.Release|Any CPU.Build.0 = Release|Any CPU
		{359A420C-7F87-4408-A3AA-A641023A4054}.Debug|Any CPU.ActiveCfg = Debug|Any CPU
		{359A420C-7F87-4408-A3AA-A641023A4054}.Debug|Any CPU.Build.0 = Debug|Any CPU
		{359A420C-7F87-4408-A3AA-A641023A4054}.Release|Any CPU.ActiveCfg = Release|Any CPU
		{359A420C-7F87-4408-A3AA-A641023A4054}.Release|Any CPU.Build.0 = Release|Any CPU
		{FDD7E685-A1FB-411A-A2E5-73C654D9F221}.Debug|Any CPU.ActiveCfg = Debug|Any CPU
		{FDD7E685-A1FB-411A-A2E5-73C654D9F221}.Debug|Any CPU.Build.0 = Debug|Any CPU
		{FDD7E685-A1FB-411A-A2E5-73C654D9F221}.Release|Any CPU.ActiveCfg = Release|Any CPU
		{FDD7E685-A1FB-411A-A2E5-73C654D9F221}.Release|Any CPU.Build.0 = Release|Any CPU
		{F6A9804B-FA06-47FC-8A99-25D0A2D97047}.Debug|Any CPU.ActiveCfg = Debug|Any CPU
		{F6A9804B-FA06-47FC-8A99-25D0A2D97047}.Debug|Any CPU.Build.0 = Debug|Any CPU
		{F6A9804B-FA06-47FC-8A99-25D0A2D97047}.Release|Any CPU.ActiveCfg = Release|Any CPU
		{F6A9804B-FA06-47FC-8A99-25D0A2D97047}.Release|Any CPU.Build.0 = Release|Any CPU
		{49AE11B8-F6A9-4E33-ABD0-7A3BFC346634}.Debug|Any CPU.ActiveCfg = Debug|Any CPU
		{49AE11B8-F6A9-4E33-ABD0-7A3BFC346634}.Debug|Any CPU.Build.0 = Debug|Any CPU
		{49AE11B8-F6A9-4E33-ABD0-7A3BFC346634}.Release|Any CPU.ActiveCfg = Release|Any CPU
		{49AE11B8-F6A9-4E33-ABD0-7A3BFC346634}.Release|Any CPU.Build.0 = Release|Any CPU
		{13F34F18-439A-4D85-B391-52D2BBF32D08}.Debug|Any CPU.ActiveCfg = Debug|Any CPU
		{13F34F18-439A-4D85-B391-52D2BBF32D08}.Debug|Any CPU.Build.0 = Debug|Any CPU
		{13F34F18-439A-4D85-B391-52D2BBF32D08}.Release|Any CPU.ActiveCfg = Release|Any CPU
		{13F34F18-439A-4D85-B391-52D2BBF32D08}.Release|Any CPU.Build.0 = Release|Any CPU
		{6A2A12A5-3EC8-479A-B307-8013F6F00DD6}.Debug|Any CPU.ActiveCfg = Debug|Any CPU
		{6A2A12A5-3EC8-479A-B307-8013F6F00DD6}.Debug|Any CPU.Build.0 = Debug|Any CPU
		{6A2A12A5-3EC8-479A-B307-8013F6F00DD6}.Release|Any CPU.ActiveCfg = Release|Any CPU
		{6A2A12A5-3EC8-479A-B307-8013F6F00DD6}.Release|Any CPU.Build.0 = Release|Any CPU
		{2A5AF3E1-F188-46C4-9B3F-0B092DE7BBEF}.Debug|Any CPU.ActiveCfg = Debug|Any CPU
		{2A5AF3E1-F188-46C4-9B3F-0B092DE7BBEF}.Debug|Any CPU.Build.0 = Debug|Any CPU
		{2A5AF3E1-F188-46C4-9B3F-0B092DE7BBEF}.Release|Any CPU.ActiveCfg = Release|Any CPU
		{2A5AF3E1-F188-46C4-9B3F-0B092DE7BBEF}.Release|Any CPU.Build.0 = Release|Any CPU
		{9BEFAC8E-3F9F-4006-B6E9-7E8A41C797D1}.Debug|Any CPU.ActiveCfg = Debug|Any CPU
		{9BEFAC8E-3F9F-4006-B6E9-7E8A41C797D1}.Debug|Any CPU.Build.0 = Debug|Any CPU
		{9BEFAC8E-3F9F-4006-B6E9-7E8A41C797D1}.Release|Any CPU.ActiveCfg = Release|Any CPU
		{9BEFAC8E-3F9F-4006-B6E9-7E8A41C797D1}.Release|Any CPU.Build.0 = Release|Any CPU
		{A09ACF1F-F96A-49B0-90F2-868E1DE5748E}.Debug|Any CPU.ActiveCfg = Debug|Any CPU
		{A09ACF1F-F96A-49B0-90F2-868E1DE5748E}.Debug|Any CPU.Build.0 = Debug|Any CPU
		{A09ACF1F-F96A-49B0-90F2-868E1DE5748E}.Release|Any CPU.ActiveCfg = Release|Any CPU
		{A09ACF1F-F96A-49B0-90F2-868E1DE5748E}.Release|Any CPU.Build.0 = Release|Any CPU
	EndGlobalSection
	GlobalSection(SolutionProperties) = preSolution
		HideSolutionNode = FALSE
	EndGlobalSection
	GlobalSection(NestedProjects) = preSolution
		{7B1A472B-10AA-4E6D-9375-5DEE215A23DA} = {FA937D44-8531-46C8-B79C-28E1E2ACE98D}
		{6C5D5BF4-238C-440F-AB16-C743DC5B7D43} = {FA937D44-8531-46C8-B79C-28E1E2ACE98D}
		{0DA3105B-5F7A-4A73-843C-D022B2F755AC} = {FA92D44B-A1DA-45E2-8B03-05DFF96FD164}
		{9C86665B-9AC1-4C98-9CAA-396F536D3CA4} = {FA92D44B-A1DA-45E2-8B03-05DFF96FD164}
		{ECE47369-C11A-4545-96D7-EC60AC563F17} = {6171F658-37E5-4889-9CBD-1C51945918CC}
		{7C5381F3-A94F-495A-B09F-2249452F492D} = {6171F658-37E5-4889-9CBD-1C51945918CC}
		{359A420C-7F87-4408-A3AA-A641023A4054} = {6171F658-37E5-4889-9CBD-1C51945918CC}
		{FDD7E685-A1FB-411A-A2E5-73C654D9F221} = {37391082-96EC-4E64-B631-90479DD9088C}
		{F6A9804B-FA06-47FC-8A99-25D0A2D97047} = {37391082-96EC-4E64-B631-90479DD9088C}
		{49AE11B8-F6A9-4E33-ABD0-7A3BFC346634} = {FA937D44-8531-46C8-B79C-28E1E2ACE98D}
		{13F34F18-439A-4D85-B391-52D2BBF32D08} = {FA937D44-8531-46C8-B79C-28E1E2ACE98D}
		{6A2A12A5-3EC8-479A-B307-8013F6F00DD6} = {FA937D44-8531-46C8-B79C-28E1E2ACE98D}
		{2A5AF3E1-F188-46C4-9B3F-0B092DE7BBEF} = {FA937D44-8531-46C8-B79C-28E1E2ACE98D}
		{9BEFAC8E-3F9F-4006-B6E9-7E8A41C797D1} = {1BECAAB5-DE53-4F61-9655-EB746F209E14}
		{A09ACF1F-F96A-49B0-90F2-868E1DE5748E} = {A0A1AD88-B434-4C96-9F81-70AC22CAB580}
	EndGlobalSection
	GlobalSection(ExtensibilityGlobals) = postSolution
		SolutionGuid = {65594421-E05B-4646-94E0-260254DC3212}
	EndGlobalSection
EndGlobal
