
Microsoft Visual Studio Solution File, Format Version 12.00
# Visual Studio 15
VisualStudioVersion = 15.0.28010.2036
MinimumVisualStudioVersion = 10.0.40219.1
Project("{FAE04EC0-301F-11D3-BF4B-00C04F79EFBC}") = "AspNetCoreExtensions", "AspNetCoreExtensions\AspNetCoreExtensions.csproj", "{7B1A472B-10AA-4E6D-9375-5DEE215A23DA}"
EndProject
Project("{2150E333-8FDC-42A3-9474-1A3956D46DE8}") = "Solution Items", "Solution Items", "{864DBCF0-575F-42E6-B372-5C4A7AA0B91E}"
	ProjectSection(SolutionItems) = preProject
		.gitignore = .gitignore
	EndProjectSection
EndProject
Global
	GlobalSection(SolutionConfigurationPlatforms) = preSolution
		Debug|Any CPU = Debug|Any CPU
		Release|Any CPU = Release|Any CPU
	EndGlobalSection
	GlobalSection(ProjectConfigurationPlatforms) = postSolution
		{7B1A472B-10AA-4E6D-9375-5DEE215A23DA}.Debug|Any CPU.ActiveCfg = Debug|Any CPU
		{7B1A472B-10AA-4E6D-9375-5DEE215A23DA}.Debug|Any CPU.Build.0 = Debug|Any CPU
		{7B1A472B-10AA-4E6D-9375-5DEE215A23DA}.Release|Any CPU.ActiveCfg = Release|Any CPU
		{7B1A472B-10AA-4E6D-9375-5DEE215A23DA}.Release|Any CPU.Build.0 = Release|Any CPU
	EndGlobalSection
	GlobalSection(SolutionProperties) = preSolution
		HideSolutionNode = FALSE
	EndGlobalSection
	GlobalSection(ExtensibilityGlobals) = postSolution
		SolutionGuid = {65594421-E05B-4646-94E0-260254DC3212}
	EndGlobalSection
EndGlobal
