
Microsoft Visual Studio Solution File, Format Version 12.00
# Visual Studio 15
VisualStudioVersion = 15.0.27004.2002
MinimumVisualStudioVersion = 10.0.40219.1
Project("{FAE04EC0-301F-11D3-BF4B-00C04F79EFBC}") = "NeuroSpeech.EFCoreLiveMigration", "NeuroSpeech.EFCoreLiveMigration\NeuroSpeech.EFCoreLiveMigration.csproj", "{1E5CA7A2-1BEA-44F6-9394-C2241729537B}"
EndProject
Project("{FAE04EC0-301F-11D3-BF4B-00C04F79EFBC}") = "LiveMigrationConsole", "LiveMigrationConsole\LiveMigrationConsole.csproj", "{DCBA4D8F-FB44-41E1-ADE1-64B7E6E1C841}"
EndProject
Global
	GlobalSection(SolutionConfigurationPlatforms) = preSolution
		Debug|Any CPU = Debug|Any CPU
		Release|Any CPU = Release|Any CPU
	EndGlobalSection
	GlobalSection(ProjectConfigurationPlatforms) = postSolution
		{1E5CA7A2-1BEA-44F6-9394-C2241729537B}.Debug|Any CPU.ActiveCfg = Debug|Any CPU
		{1E5CA7A2-1BEA-44F6-9394-C2241729537B}.Debug|Any CPU.Build.0 = Debug|Any CPU
		{1E5CA7A2-1BEA-44F6-9394-C2241729537B}.Release|Any CPU.ActiveCfg = Release|Any CPU
		{1E5CA7A2-1BEA-44F6-9394-C2241729537B}.Release|Any CPU.Build.0 = Release|Any CPU
		{DCBA4D8F-FB44-41E1-ADE1-64B7E6E1C841}.Debug|Any CPU.ActiveCfg = Debug|Any CPU
		{DCBA4D8F-FB44-41E1-ADE1-64B7E6E1C841}.Debug|Any CPU.Build.0 = Debug|Any CPU
		{DCBA4D8F-FB44-41E1-ADE1-64B7E6E1C841}.Release|Any CPU.ActiveCfg = Release|Any CPU
		{DCBA4D8F-FB44-41E1-ADE1-64B7E6E1C841}.Release|Any CPU.Build.0 = Release|Any CPU
	EndGlobalSection
	GlobalSection(SolutionProperties) = preSolution
		HideSolutionNode = FALSE
	EndGlobalSection
	GlobalSection(ExtensibilityGlobals) = postSolution
		SolutionGuid = {156E3275-44A5-4A09-A4EE-87E4414412EB}
	EndGlobalSection
EndGlobal
